
Microsoft Visual Studio Solution File, Format Version 12.00
# Visual Studio Version 17
VisualStudioVersion = 17.9.34714.143
MinimumVisualStudioVersion = 10.0.40219.1
Project("{FAE04EC0-301F-11D3-BF4B-00C04F79EFBC}") = "atividade 3", "atividade 3\atividade 3.csproj", "{DC28B642-BA6A-40DC-B03D-01F453F496E0}"
EndProject
Global
	GlobalSection(SolutionConfigurationPlatforms) = preSolution
		Debug|Any CPU = Debug|Any CPU
		Release|Any CPU = Release|Any CPU
	EndGlobalSection
	GlobalSection(ProjectConfigurationPlatforms) = postSolution
		{DC28B642-BA6A-40DC-B03D-01F453F496E0}.Debug|Any CPU.ActiveCfg = Debug|Any CPU
		{DC28B642-BA6A-40DC-B03D-01F453F496E0}.Debug|Any CPU.Build.0 = Debug|Any CPU
		{DC28B642-BA6A-40DC-B03D-01F453F496E0}.Release|Any CPU.ActiveCfg = Release|Any CPU
		{DC28B642-BA6A-40DC-B03D-01F453F496E0}.Release|Any CPU.Build.0 = Release|Any CPU
	EndGlobalSection
	GlobalSection(SolutionProperties) = preSolution
		HideSolutionNode = FALSE
	EndGlobalSection
	GlobalSection(ExtensibilityGlobals) = postSolution
		SolutionGuid = {ABC119AF-869F-4EC8-9CE7-6AA45390F598}
	EndGlobalSection
EndGlobal
